// !$*UTF8*$!
{
	archiveVersion = 1;
	classes = {
	};
	objectVersion = 56;
	objects = {

/* Begin PBXBuildFile section */
		68CBF9692AEB9F2F006D03FC /* TikTok_ReporterApp.swift in Sources */ = {isa = PBXBuildFile; fileRef = 68CBF9682AEB9F2F006D03FC /* TikTok_ReporterApp.swift */; };
		68CBF96B2AEB9F2F006D03FC /* ContentView.swift in Sources */ = {isa = PBXBuildFile; fileRef = 68CBF96A2AEB9F2F006D03FC /* ContentView.swift */; };
		68CBF96D2AEB9F31006D03FC /* Assets.xcassets in Resources */ = {isa = PBXBuildFile; fileRef = 68CBF96C2AEB9F31006D03FC /* Assets.xcassets */; };
		68CBF9702AEB9F31006D03FC /* Preview Assets.xcassets in Resources */ = {isa = PBXBuildFile; fileRef = 68CBF96F2AEB9F31006D03FC /* Preview Assets.xcassets */; };
		68CBF97A2AEB9F31006D03FC /* TikTok_ReporterTests.swift in Sources */ = {isa = PBXBuildFile; fileRef = 68CBF9792AEB9F31006D03FC /* TikTok_ReporterTests.swift */; };
		68CBF9842AEB9F31006D03FC /* TikTok_ReporterUITests.swift in Sources */ = {isa = PBXBuildFile; fileRef = 68CBF9832AEB9F31006D03FC /* TikTok_ReporterUITests.swift */; };
		68CBF9862AEB9F31006D03FC /* TikTok_ReporterUITestsLaunchTests.swift in Sources */ = {isa = PBXBuildFile; fileRef = 68CBF9852AEB9F31006D03FC /* TikTok_ReporterUITestsLaunchTests.swift */; };
/* End PBXBuildFile section */

/* Begin PBXContainerItemProxy section */
		68CBF9762AEB9F31006D03FC /* PBXContainerItemProxy */ = {
			isa = PBXContainerItemProxy;
			containerPortal = 68CBF95D2AEB9F2F006D03FC /* Project object */;
			proxyType = 1;
			remoteGlobalIDString = 68CBF9642AEB9F2F006D03FC;
			remoteInfo = "TikTok Reporter";
		};
		68CBF9802AEB9F31006D03FC /* PBXContainerItemProxy */ = {
			isa = PBXContainerItemProxy;
			containerPortal = 68CBF95D2AEB9F2F006D03FC /* Project object */;
			proxyType = 1;
			remoteGlobalIDString = 68CBF9642AEB9F2F006D03FC;
			remoteInfo = "TikTok Reporter";
		};
/* End PBXContainerItemProxy section */

/* Begin PBXFileReference section */
		68CBF9652AEB9F2F006D03FC /* TikTok Reporter.app */ = {isa = PBXFileReference; explicitFileType = wrapper.application; includeInIndex = 0; path = "TikTok Reporter.app"; sourceTree = BUILT_PRODUCTS_DIR; };
		68CBF9682AEB9F2F006D03FC /* TikTok_ReporterApp.swift */ = {isa = PBXFileReference; lastKnownFileType = sourcecode.swift; path = TikTok_ReporterApp.swift; sourceTree = "<group>"; };
		68CBF96A2AEB9F2F006D03FC /* ContentView.swift */ = {isa = PBXFileReference; lastKnownFileType = sourcecode.swift; path = ContentView.swift; sourceTree = "<group>"; };
		68CBF96C2AEB9F31006D03FC /* Assets.xcassets */ = {isa = PBXFileReference; lastKnownFileType = folder.assetcatalog; path = Assets.xcassets; sourceTree = "<group>"; };
		68CBF96F2AEB9F31006D03FC /* Preview Assets.xcassets */ = {isa = PBXFileReference; lastKnownFileType = folder.assetcatalog; path = "Preview Assets.xcassets"; sourceTree = "<group>"; };
		68CBF9752AEB9F31006D03FC /* TikTok ReporterTests.xctest */ = {isa = PBXFileReference; explicitFileType = wrapper.cfbundle; includeInIndex = 0; path = "TikTok ReporterTests.xctest"; sourceTree = BUILT_PRODUCTS_DIR; };
		68CBF9792AEB9F31006D03FC /* TikTok_ReporterTests.swift */ = {isa = PBXFileReference; lastKnownFileType = sourcecode.swift; path = TikTok_ReporterTests.swift; sourceTree = "<group>"; };
		68CBF97F2AEB9F31006D03FC /* TikTok ReporterUITests.xctest */ = {isa = PBXFileReference; explicitFileType = wrapper.cfbundle; includeInIndex = 0; path = "TikTok ReporterUITests.xctest"; sourceTree = BUILT_PRODUCTS_DIR; };
		68CBF9832AEB9F31006D03FC /* TikTok_ReporterUITests.swift */ = {isa = PBXFileReference; lastKnownFileType = sourcecode.swift; path = TikTok_ReporterUITests.swift; sourceTree = "<group>"; };
		68CBF9852AEB9F31006D03FC /* TikTok_ReporterUITestsLaunchTests.swift */ = {isa = PBXFileReference; lastKnownFileType = sourcecode.swift; path = TikTok_ReporterUITestsLaunchTests.swift; sourceTree = "<group>"; };
/* End PBXFileReference section */

/* Begin PBXFrameworksBuildPhase section */
		68CBF9622AEB9F2F006D03FC /* Frameworks */ = {
			isa = PBXFrameworksBuildPhase;
			buildActionMask = 2147483647;
			files = (
			);
			runOnlyForDeploymentPostprocessing = 0;
		};
		68CBF9722AEB9F31006D03FC /* Frameworks */ = {
			isa = PBXFrameworksBuildPhase;
			buildActionMask = 2147483647;
			files = (
			);
			runOnlyForDeploymentPostprocessing = 0;
		};
		68CBF97C2AEB9F31006D03FC /* Frameworks */ = {
			isa = PBXFrameworksBuildPhase;
			buildActionMask = 2147483647;
			files = (
			);
			runOnlyForDeploymentPostprocessing = 0;
		};
/* End PBXFrameworksBuildPhase section */

/* Begin PBXGroup section */
		68CBF95C2AEB9F2F006D03FC = {
			isa = PBXGroup;
			children = (
				68CBF9672AEB9F2F006D03FC /* TikTok Reporter */,
				68CBF9782AEB9F31006D03FC /* TikTok ReporterTests */,
				68CBF9822AEB9F31006D03FC /* TikTok ReporterUITests */,
				68CBF9662AEB9F2F006D03FC /* Products */,
			);
			sourceTree = "<group>";
		};
		68CBF9662AEB9F2F006D03FC /* Products */ = {
			isa = PBXGroup;
			children = (
				68CBF9652AEB9F2F006D03FC /* TikTok Reporter.app */,
				68CBF9752AEB9F31006D03FC /* TikTok ReporterTests.xctest */,
				68CBF97F2AEB9F31006D03FC /* TikTok ReporterUITests.xctest */,
			);
			name = Products;
			sourceTree = "<group>";
		};
		68CBF9672AEB9F2F006D03FC /* TikTok Reporter */ = {
			isa = PBXGroup;
			children = (
				68CBF9682AEB9F2F006D03FC /* TikTok_ReporterApp.swift */,
				68CBF96A2AEB9F2F006D03FC /* ContentView.swift */,
				68CBF96C2AEB9F31006D03FC /* Assets.xcassets */,
				68CBF96E2AEB9F31006D03FC /* Preview Content */,
			);
			path = "TikTok Reporter";
			sourceTree = "<group>";
		};
		68CBF96E2AEB9F31006D03FC /* Preview Content */ = {
			isa = PBXGroup;
			children = (
				68CBF96F2AEB9F31006D03FC /* Preview Assets.xcassets */,
			);
			path = "Preview Content";
			sourceTree = "<group>";
		};
		68CBF9782AEB9F31006D03FC /* TikTok ReporterTests */ = {
			isa = PBXGroup;
			children = (
				68CBF9792AEB9F31006D03FC /* TikTok_ReporterTests.swift */,
			);
			path = "TikTok ReporterTests";
			sourceTree = "<group>";
		};
		68CBF9822AEB9F31006D03FC /* TikTok ReporterUITests */ = {
			isa = PBXGroup;
			children = (
				68CBF9832AEB9F31006D03FC /* TikTok_ReporterUITests.swift */,
				68CBF9852AEB9F31006D03FC /* TikTok_ReporterUITestsLaunchTests.swift */,
			);
			path = "TikTok ReporterUITests";
			sourceTree = "<group>";
		};
/* End PBXGroup section */

/* Begin PBXNativeTarget section */
		68CBF9642AEB9F2F006D03FC /* TikTok Reporter */ = {
			isa = PBXNativeTarget;
			buildConfigurationList = 68CBF9892AEB9F31006D03FC /* Build configuration list for PBXNativeTarget "TikTok Reporter" */;
			buildPhases = (
				68CBF9612AEB9F2F006D03FC /* Sources */,
				68CBF9622AEB9F2F006D03FC /* Frameworks */,
				68CBF9632AEB9F2F006D03FC /* Resources */,
			);
			buildRules = (
			);
			dependencies = (
			);
			name = "TikTok Reporter";
			productName = "TikTok Reporter";
			productReference = 68CBF9652AEB9F2F006D03FC /* TikTok Reporter.app */;
			productType = "com.apple.product-type.application";
		};
		68CBF9742AEB9F31006D03FC /* TikTok ReporterTests */ = {
			isa = PBXNativeTarget;
			buildConfigurationList = 68CBF98C2AEB9F31006D03FC /* Build configuration list for PBXNativeTarget "TikTok ReporterTests" */;
			buildPhases = (
				68CBF9712AEB9F31006D03FC /* Sources */,
				68CBF9722AEB9F31006D03FC /* Frameworks */,
				68CBF9732AEB9F31006D03FC /* Resources */,
			);
			buildRules = (
			);
			dependencies = (
				68CBF9772AEB9F31006D03FC /* PBXTargetDependency */,
			);
			name = "TikTok ReporterTests";
			productName = "TikTok ReporterTests";
			productReference = 68CBF9752AEB9F31006D03FC /* TikTok ReporterTests.xctest */;
			productType = "com.apple.product-type.bundle.unit-test";
		};
		68CBF97E2AEB9F31006D03FC /* TikTok ReporterUITests */ = {
			isa = PBXNativeTarget;
			buildConfigurationList = 68CBF98F2AEB9F31006D03FC /* Build configuration list for PBXNativeTarget "TikTok ReporterUITests" */;
			buildPhases = (
				68CBF97B2AEB9F31006D03FC /* Sources */,
				68CBF97C2AEB9F31006D03FC /* Frameworks */,
				68CBF97D2AEB9F31006D03FC /* Resources */,
			);
			buildRules = (
			);
			dependencies = (
				68CBF9812AEB9F31006D03FC /* PBXTargetDependency */,
			);
			name = "TikTok ReporterUITests";
			productName = "TikTok ReporterUITests";
			productReference = 68CBF97F2AEB9F31006D03FC /* TikTok ReporterUITests.xctest */;
			productType = "com.apple.product-type.bundle.ui-testing";
		};
/* End PBXNativeTarget section */

/* Begin PBXProject section */
		68CBF95D2AEB9F2F006D03FC /* Project object */ = {
			isa = PBXProject;
			attributes = {
				BuildIndependentTargetsInParallel = 1;
				LastSwiftUpdateCheck = 1500;
				LastUpgradeCheck = 1500;
				TargetAttributes = {
					68CBF9642AEB9F2F006D03FC = {
						CreatedOnToolsVersion = 15.0;
					};
					68CBF9742AEB9F31006D03FC = {
						CreatedOnToolsVersion = 15.0;
						TestTargetID = 68CBF9642AEB9F2F006D03FC;
					};
					68CBF97E2AEB9F31006D03FC = {
						CreatedOnToolsVersion = 15.0;
						TestTargetID = 68CBF9642AEB9F2F006D03FC;
					};
				};
			};
			buildConfigurationList = 68CBF9602AEB9F2F006D03FC /* Build configuration list for PBXProject "TikTok Reporter" */;
			compatibilityVersion = "Xcode 14.0";
			developmentRegion = en;
			hasScannedForEncodings = 0;
			knownRegions = (
				en,
				Base,
			);
			mainGroup = 68CBF95C2AEB9F2F006D03FC;
			productRefGroup = 68CBF9662AEB9F2F006D03FC /* Products */;
			projectDirPath = "";
			projectRoot = "";
			targets = (
				68CBF9642AEB9F2F006D03FC /* TikTok Reporter */,
				68CBF9742AEB9F31006D03FC /* TikTok ReporterTests */,
				68CBF97E2AEB9F31006D03FC /* TikTok ReporterUITests */,
			);
		};
/* End PBXProject section */

/* Begin PBXResourcesBuildPhase section */
		68CBF9632AEB9F2F006D03FC /* Resources */ = {
			isa = PBXResourcesBuildPhase;
			buildActionMask = 2147483647;
			files = (
				68CBF9702AEB9F31006D03FC /* Preview Assets.xcassets in Resources */,
				68CBF96D2AEB9F31006D03FC /* Assets.xcassets in Resources */,
			);
			runOnlyForDeploymentPostprocessing = 0;
		};
		68CBF9732AEB9F31006D03FC /* Resources */ = {
			isa = PBXResourcesBuildPhase;
			buildActionMask = 2147483647;
			files = (
			);
			runOnlyForDeploymentPostprocessing = 0;
		};
		68CBF97D2AEB9F31006D03FC /* Resources */ = {
			isa = PBXResourcesBuildPhase;
			buildActionMask = 2147483647;
			files = (
			);
			runOnlyForDeploymentPostprocessing = 0;
		};
/* End PBXResourcesBuildPhase section */

/* Begin PBXSourcesBuildPhase section */
		68CBF9612AEB9F2F006D03FC /* Sources */ = {
			isa = PBXSourcesBuildPhase;
			buildActionMask = 2147483647;
			files = (
				68CBF96B2AEB9F2F006D03FC /* ContentView.swift in Sources */,
				68CBF9692AEB9F2F006D03FC /* TikTok_ReporterApp.swift in Sources */,
			);
			runOnlyForDeploymentPostprocessing = 0;
		};
		68CBF9712AEB9F31006D03FC /* Sources */ = {
			isa = PBXSourcesBuildPhase;
			buildActionMask = 2147483647;
			files = (
				68CBF97A2AEB9F31006D03FC /* TikTok_ReporterTests.swift in Sources */,
			);
			runOnlyForDeploymentPostprocessing = 0;
		};
		68CBF97B2AEB9F31006D03FC /* Sources */ = {
			isa = PBXSourcesBuildPhase;
			buildActionMask = 2147483647;
			files = (
				68CBF9842AEB9F31006D03FC /* TikTok_ReporterUITests.swift in Sources */,
				68CBF9862AEB9F31006D03FC /* TikTok_ReporterUITestsLaunchTests.swift in Sources */,
			);
			runOnlyForDeploymentPostprocessing = 0;
		};
/* End PBXSourcesBuildPhase section */

/* Begin PBXTargetDependency section */
		68CBF9772AEB9F31006D03FC /* PBXTargetDependency */ = {
			isa = PBXTargetDependency;
			target = 68CBF9642AEB9F2F006D03FC /* TikTok Reporter */;
			targetProxy = 68CBF9762AEB9F31006D03FC /* PBXContainerItemProxy */;
		};
		68CBF9812AEB9F31006D03FC /* PBXTargetDependency */ = {
			isa = PBXTargetDependency;
			target = 68CBF9642AEB9F2F006D03FC /* TikTok Reporter */;
			targetProxy = 68CBF9802AEB9F31006D03FC /* PBXContainerItemProxy */;
		};
/* End PBXTargetDependency section */

/* Begin XCBuildConfiguration section */
		68CBF9872AEB9F31006D03FC /* Debug */ = {
			isa = XCBuildConfiguration;
			buildSettings = {
				ALWAYS_SEARCH_USER_PATHS = NO;
				ASSETCATALOG_COMPILER_GENERATE_SWIFT_ASSET_SYMBOL_EXTENSIONS = YES;
				CLANG_ANALYZER_NONNULL = YES;
				CLANG_ANALYZER_NUMBER_OBJECT_CONVERSION = YES_AGGRESSIVE;
				CLANG_CXX_LANGUAGE_STANDARD = "gnu++20";
				CLANG_ENABLE_MODULES = YES;
				CLANG_ENABLE_OBJC_ARC = YES;
				CLANG_ENABLE_OBJC_WEAK = YES;
				CLANG_WARN_BLOCK_CAPTURE_AUTORELEASING = YES;
				CLANG_WARN_BOOL_CONVERSION = YES;
				CLANG_WARN_COMMA = YES;
				CLANG_WARN_CONSTANT_CONVERSION = YES;
				CLANG_WARN_DEPRECATED_OBJC_IMPLEMENTATIONS = YES;
				CLANG_WARN_DIRECT_OBJC_ISA_USAGE = YES_ERROR;
				CLANG_WARN_DOCUMENTATION_COMMENTS = YES;
				CLANG_WARN_EMPTY_BODY = YES;
				CLANG_WARN_ENUM_CONVERSION = YES;
				CLANG_WARN_INFINITE_RECURSION = YES;
				CLANG_WARN_INT_CONVERSION = YES;
				CLANG_WARN_NON_LITERAL_NULL_CONVERSION = YES;
				CLANG_WARN_OBJC_IMPLICIT_RETAIN_SELF = YES;
				CLANG_WARN_OBJC_LITERAL_CONVERSION = YES;
				CLANG_WARN_OBJC_ROOT_CLASS = YES_ERROR;
				CLANG_WARN_QUOTED_INCLUDE_IN_FRAMEWORK_HEADER = YES;
				CLANG_WARN_RANGE_LOOP_ANALYSIS = YES;
				CLANG_WARN_STRICT_PROTOTYPES = YES;
				CLANG_WARN_SUSPICIOUS_MOVE = YES;
				CLANG_WARN_UNGUARDED_AVAILABILITY = YES_AGGRESSIVE;
				CLANG_WARN_UNREACHABLE_CODE = YES;
				CLANG_WARN__DUPLICATE_METHOD_MATCH = YES;
				COPY_PHASE_STRIP = NO;
				DEBUG_INFORMATION_FORMAT = dwarf;
				ENABLE_STRICT_OBJC_MSGSEND = YES;
				ENABLE_TESTABILITY = YES;
				ENABLE_USER_SCRIPT_SANDBOXING = YES;
				GCC_C_LANGUAGE_STANDARD = gnu17;
				GCC_DYNAMIC_NO_PIC = NO;
				GCC_NO_COMMON_BLOCKS = YES;
				GCC_OPTIMIZATION_LEVEL = 0;
				GCC_PREPROCESSOR_DEFINITIONS = (
					"DEBUG=1",
					"$(inherited)",
				);
				GCC_WARN_64_TO_32_BIT_CONVERSION = YES;
				GCC_WARN_ABOUT_RETURN_TYPE = YES_ERROR;
				GCC_WARN_UNDECLARED_SELECTOR = YES;
				GCC_WARN_UNINITIALIZED_AUTOS = YES_AGGRESSIVE;
				GCC_WARN_UNUSED_FUNCTION = YES;
				GCC_WARN_UNUSED_VARIABLE = YES;
				IPHONEOS_DEPLOYMENT_TARGET = 17.0;
				LOCALIZATION_PREFERS_STRING_CATALOGS = YES;
				MTL_ENABLE_DEBUG_INFO = INCLUDE_SOURCE;
				MTL_FAST_MATH = YES;
				ONLY_ACTIVE_ARCH = YES;
				SDKROOT = iphoneos;
				SWIFT_ACTIVE_COMPILATION_CONDITIONS = "DEBUG $(inherited)";
				SWIFT_OPTIMIZATION_LEVEL = "-Onone";
			};
			name = Debug;
		};
		68CBF9882AEB9F31006D03FC /* Release */ = {
			isa = XCBuildConfiguration;
			buildSettings = {
				ALWAYS_SEARCH_USER_PATHS = NO;
				ASSETCATALOG_COMPILER_GENERATE_SWIFT_ASSET_SYMBOL_EXTENSIONS = YES;
				CLANG_ANALYZER_NONNULL = YES;
				CLANG_ANALYZER_NUMBER_OBJECT_CONVERSION = YES_AGGRESSIVE;
				CLANG_CXX_LANGUAGE_STANDARD = "gnu++20";
				CLANG_ENABLE_MODULES = YES;
				CLANG_ENABLE_OBJC_ARC = YES;
				CLANG_ENABLE_OBJC_WEAK = YES;
				CLANG_WARN_BLOCK_CAPTURE_AUTORELEASING = YES;
				CLANG_WARN_BOOL_CONVERSION = YES;
				CLANG_WARN_COMMA = YES;
				CLANG_WARN_CONSTANT_CONVERSION = YES;
				CLANG_WARN_DEPRECATED_OBJC_IMPLEMENTATIONS = YES;
				CLANG_WARN_DIRECT_OBJC_ISA_USAGE = YES_ERROR;
				CLANG_WARN_DOCUMENTATION_COMMENTS = YES;
				CLANG_WARN_EMPTY_BODY = YES;
				CLANG_WARN_ENUM_CONVERSION = YES;
				CLANG_WARN_INFINITE_RECURSION = YES;
				CLANG_WARN_INT_CONVERSION = YES;
				CLANG_WARN_NON_LITERAL_NULL_CONVERSION = YES;
				CLANG_WARN_OBJC_IMPLICIT_RETAIN_SELF = YES;
				CLANG_WARN_OBJC_LITERAL_CONVERSION = YES;
				CLANG_WARN_OBJC_ROOT_CLASS = YES_ERROR;
				CLANG_WARN_QUOTED_INCLUDE_IN_FRAMEWORK_HEADER = YES;
				CLANG_WARN_RANGE_LOOP_ANALYSIS = YES;
				CLANG_WARN_STRICT_PROTOTYPES = YES;
				CLANG_WARN_SUSPICIOUS_MOVE = YES;
				CLANG_WARN_UNGUARDED_AVAILABILITY = YES_AGGRESSIVE;
				CLANG_WARN_UNREACHABLE_CODE = YES;
				CLANG_WARN__DUPLICATE_METHOD_MATCH = YES;
				COPY_PHASE_STRIP = NO;
				DEBUG_INFORMATION_FORMAT = "dwarf-with-dsym";
				ENABLE_NS_ASSERTIONS = NO;
				ENABLE_STRICT_OBJC_MSGSEND = YES;
				ENABLE_USER_SCRIPT_SANDBOXING = YES;
				GCC_C_LANGUAGE_STANDARD = gnu17;
				GCC_NO_COMMON_BLOCKS = YES;
				GCC_WARN_64_TO_32_BIT_CONVERSION = YES;
				GCC_WARN_ABOUT_RETURN_TYPE = YES_ERROR;
				GCC_WARN_UNDECLARED_SELECTOR = YES;
				GCC_WARN_UNINITIALIZED_AUTOS = YES_AGGRESSIVE;
				GCC_WARN_UNUSED_FUNCTION = YES;
				GCC_WARN_UNUSED_VARIABLE = YES;
				IPHONEOS_DEPLOYMENT_TARGET = 17.0;
				LOCALIZATION_PREFERS_STRING_CATALOGS = YES;
				MTL_ENABLE_DEBUG_INFO = NO;
				MTL_FAST_MATH = YES;
				SDKROOT = iphoneos;
				SWIFT_COMPILATION_MODE = wholemodule;
				VALIDATE_PRODUCT = YES;
			};
			name = Release;
		};
		68CBF98A2AEB9F31006D03FC /* Debug */ = {
			isa = XCBuildConfiguration;
			buildSettings = {
				ASSETCATALOG_COMPILER_APPICON_NAME = AppIcon;
				ASSETCATALOG_COMPILER_GLOBAL_ACCENT_COLOR_NAME = AccentColor;
				CODE_SIGN_IDENTITY = "Apple Development";
				CODE_SIGN_STYLE = Automatic;
				CURRENT_PROJECT_VERSION = 1;
				DEVELOPMENT_ASSET_PATHS = "\"TikTok Reporter/Preview Content\"";
				DEVELOPMENT_TEAM = 43AQ936H96;
				ENABLE_PREVIEWS = YES;
				GENERATE_INFOPLIST_FILE = YES;
				INFOPLIST_KEY_UIApplicationSceneManifest_Generation = YES;
				INFOPLIST_KEY_UIApplicationSupportsIndirectInputEvents = YES;
				INFOPLIST_KEY_UILaunchScreen_Generation = YES;
				INFOPLIST_KEY_UISupportedInterfaceOrientations = UIInterfaceOrientationPortrait;
				INFOPLIST_KEY_UISupportedInterfaceOrientations_iPad = "UIInterfaceOrientationLandscapeLeft UIInterfaceOrientationLandscapeRight UIInterfaceOrientationPortrait UIInterfaceOrientationPortraitUpsideDown";
				IPHONEOS_DEPLOYMENT_TARGET = 15.0;
				LD_RUNPATH_SEARCH_PATHS = (
					"$(inherited)",
					"@executable_path/Frameworks",
				);
				MARKETING_VERSION = 1.0;
				PRODUCT_BUNDLE_IDENTIFIER = "org.mozilla.ios.TikTok-Reporter";
				PRODUCT_NAME = "$(TARGET_NAME)";
				PROVISIONING_PROFILE_SPECIFIER = "";
				SUPPORTED_PLATFORMS = "iphoneos iphonesimulator";
				SUPPORTS_MACCATALYST = NO;
				SUPPORTS_MAC_DESIGNED_FOR_IPHONE_IPAD = NO;
				SWIFT_EMIT_LOC_STRINGS = YES;
				SWIFT_VERSION = 5.0;
				TARGETED_DEVICE_FAMILY = 1;
			};
			name = Debug;
		};
		68CBF98B2AEB9F31006D03FC /* Release */ = {
			isa = XCBuildConfiguration;
			buildSettings = {
				ASSETCATALOG_COMPILER_APPICON_NAME = AppIcon;
				ASSETCATALOG_COMPILER_GLOBAL_ACCENT_COLOR_NAME = AccentColor;
				CODE_SIGN_IDENTITY = "Apple Development";
				CODE_SIGN_STYLE = Automatic;
				CURRENT_PROJECT_VERSION = 1;
				DEVELOPMENT_ASSET_PATHS = "\"TikTok Reporter/Preview Content\"";
				DEVELOPMENT_TEAM = 43AQ936H96;
				ENABLE_PREVIEWS = YES;
				GENERATE_INFOPLIST_FILE = YES;
				INFOPLIST_KEY_UIApplicationSceneManifest_Generation = YES;
				INFOPLIST_KEY_UIApplicationSupportsIndirectInputEvents = YES;
				INFOPLIST_KEY_UILaunchScreen_Generation = YES;
				INFOPLIST_KEY_UISupportedInterfaceOrientations = UIInterfaceOrientationPortrait;
				INFOPLIST_KEY_UISupportedInterfaceOrientations_iPad = "UIInterfaceOrientationLandscapeLeft UIInterfaceOrientationLandscapeRight UIInterfaceOrientationPortrait UIInterfaceOrientationPortraitUpsideDown";
				IPHONEOS_DEPLOYMENT_TARGET = 15.0;
				LD_RUNPATH_SEARCH_PATHS = (
					"$(inherited)",
					"@executable_path/Frameworks",
				);
				MARKETING_VERSION = 1.0;
				PRODUCT_BUNDLE_IDENTIFIER = "org.mozilla.ios.TikTok-Reporter";
				PRODUCT_NAME = "$(TARGET_NAME)";
				PROVISIONING_PROFILE_SPECIFIER = "";
				SUPPORTED_PLATFORMS = "iphoneos iphonesimulator";
				SUPPORTS_MACCATALYST = NO;
				SUPPORTS_MAC_DESIGNED_FOR_IPHONE_IPAD = NO;
				SWIFT_EMIT_LOC_STRINGS = YES;
				SWIFT_VERSION = 5.0;
				TARGETED_DEVICE_FAMILY = 1;
			};
			name = Release;
		};
		68CBF98D2AEB9F31006D03FC /* Debug */ = {
			isa = XCBuildConfiguration;
			buildSettings = {
				ALWAYS_EMBED_SWIFT_STANDARD_LIBRARIES = YES;
				BUNDLE_LOADER = "$(TEST_HOST)";
				CODE_SIGN_STYLE = Automatic;
				CURRENT_PROJECT_VERSION = 1;
				DEVELOPMENT_TEAM = 43AQ936H96;
				GENERATE_INFOPLIST_FILE = YES;
				IPHONEOS_DEPLOYMENT_TARGET = 17.0;
				MARKETING_VERSION = 1.0;
				PRODUCT_BUNDLE_IDENTIFIER = "org.mozilla.ios.TikTok-ReporterTests";
				PRODUCT_NAME = "$(TARGET_NAME)";
				SWIFT_EMIT_LOC_STRINGS = NO;
				SWIFT_VERSION = 5.0;
				TARGETED_DEVICE_FAMILY = "1,2";
				TEST_HOST = "$(BUILT_PRODUCTS_DIR)/TikTok Reporter.app/$(BUNDLE_EXECUTABLE_FOLDER_PATH)/TikTok Reporter";
			};
			name = Debug;
		};
		68CBF98E2AEB9F31006D03FC /* Release */ = {
			isa = XCBuildConfiguration;
			buildSettings = {
				ALWAYS_EMBED_SWIFT_STANDARD_LIBRARIES = YES;
				BUNDLE_LOADER = "$(TEST_HOST)";
				CODE_SIGN_STYLE = Automatic;
				CURRENT_PROJECT_VERSION = 1;
				DEVELOPMENT_TEAM = 43AQ936H96;
				GENERATE_INFOPLIST_FILE = YES;
				IPHONEOS_DEPLOYMENT_TARGET = 17.0;
				MARKETING_VERSION = 1.0;
				PRODUCT_BUNDLE_IDENTIFIER = "org.mozilla.ios.TikTok-ReporterTests";
				PRODUCT_NAME = "$(TARGET_NAME)";
				SWIFT_EMIT_LOC_STRINGS = NO;
				SWIFT_VERSION = 5.0;
				TARGETED_DEVICE_FAMILY = "1,2";
				TEST_HOST = "$(BUILT_PRODUCTS_DIR)/TikTok Reporter.app/$(BUNDLE_EXECUTABLE_FOLDER_PATH)/TikTok Reporter";
			};
			name = Release;
		};
		68CBF9902AEB9F31006D03FC /* Debug */ = {
			isa = XCBuildConfiguration;
			buildSettings = {
				ALWAYS_EMBED_SWIFT_STANDARD_LIBRARIES = YES;
				CODE_SIGN_STYLE = Automatic;
				CURRENT_PROJECT_VERSION = 1;
				DEVELOPMENT_TEAM = 43AQ936H96;
				GENERATE_INFOPLIST_FILE = YES;
				MARKETING_VERSION = 1.0;
				PRODUCT_BUNDLE_IDENTIFIER = "org.mozilla.ios.TikTok-ReporterUITests";
				PRODUCT_NAME = "$(TARGET_NAME)";
				SWIFT_EMIT_LOC_STRINGS = NO;
				SWIFT_VERSION = 5.0;
				TARGETED_DEVICE_FAMILY = "1,2";
				TEST_TARGET_NAME = "TikTok Reporter";
			};
			name = Debug;
		};
		68CBF9912AEB9F31006D03FC /* Release */ = {
			isa = XCBuildConfiguration;
			buildSettings = {
				ALWAYS_EMBED_SWIFT_STANDARD_LIBRARIES = YES;
				CODE_SIGN_STYLE = Automatic;
				CURRENT_PROJECT_VERSION = 1;
				DEVELOPMENT_TEAM = 43AQ936H96;
				GENERATE_INFOPLIST_FILE = YES;
				MARKETING_VERSION = 1.0;
				PRODUCT_BUNDLE_IDENTIFIER = "org.mozilla.ios.TikTok-ReporterUITests";
				PRODUCT_NAME = "$(TARGET_NAME)";
				SWIFT_EMIT_LOC_STRINGS = NO;
				SWIFT_VERSION = 5.0;
				TARGETED_DEVICE_FAMILY = "1,2";
				TEST_TARGET_NAME = "TikTok Reporter";
			};
			name = Release;
		};
/* End XCBuildConfiguration section */

/* Begin XCConfigurationList section */
		68CBF9602AEB9F2F006D03FC /* Build configuration list for PBXProject "TikTok Reporter" */ = {
			isa = XCConfigurationList;
			buildConfigurations = (
				68CBF9872AEB9F31006D03FC /* Debug */,
				68CBF9882AEB9F31006D03FC /* Release */,
			);
			defaultConfigurationIsVisible = 0;
			defaultConfigurationName = Release;
		};
		68CBF9892AEB9F31006D03FC /* Build configuration list for PBXNativeTarget "TikTok Reporter" */ = {
			isa = XCConfigurationList;
			buildConfigurations = (
				68CBF98A2AEB9F31006D03FC /* Debug */,
				68CBF98B2AEB9F31006D03FC /* Release */,
			);
			defaultConfigurationIsVisible = 0;
			defaultConfigurationName = Release;
		};
		68CBF98C2AEB9F31006D03FC /* Build configuration list for PBXNativeTarget "TikTok ReporterTests" */ = {
			isa = XCConfigurationList;
			buildConfigurations = (
				68CBF98D2AEB9F31006D03FC /* Debug */,
				68CBF98E2AEB9F31006D03FC /* Release */,
			);
			defaultConfigurationIsVisible = 0;
			defaultConfigurationName = Release;
		};
		68CBF98F2AEB9F31006D03FC /* Build configuration list for PBXNativeTarget "TikTok ReporterUITests" */ = {
			isa = XCConfigurationList;
			buildConfigurations = (
				68CBF9902AEB9F31006D03FC /* Debug */,
				68CBF9912AEB9F31006D03FC /* Release */,
			);
			defaultConfigurationIsVisible = 0;
			defaultConfigurationName = Release;
		};
/* End XCConfigurationList section */
	};
	rootObject = 68CBF95D2AEB9F2F006D03FC /* Project object */;
}
